c2sp.org/CCTV/age v0.0.0-20221230231406-5ea85644bd03 h1:0e2QjhWG02SgzlUOvNYaFraf04OBsUPOLxf+K+Ae/yM=
filippo.io/age v1.1.2-0.20230807224457-6ad4560f4afc h1:6kgD5G8k7AvURnyZqEUB9fhsDV0LRxs318cXcZJmqmM=
filippo.io/age v1.1.2-0.20230807224457-6ad4560f4afc/go.mod h1:y3Zb/i2jHg/kL8xc3ocrI0Wd0Vm+VWV6DKfsKzSGUmU=
golang.org/x/crypto v0.13.0 h1:mvySKfSWJ+UKUii46M40LOvyWfN0s2U+46/jDd0e6Ck=
golang.org/x/crypto v0.13.0/go.mod h1:y6Z2r+Rw4iayiXXAIxJIDAJ1zMW4yaTpebo8fPOliYc=
golang.org/x/sys v0.12.0 h1:CM0HF96J0hcLAwsHPJZjfdNzs0gftsLfgKt57wWHJ0o=
golang.org/x/sys v0.12.0/go.mod h1:oPkhp1MJrh7nUepCBck5+mAzfO9JrbApNNgaTdGDITg=
